
Microsoft Visual Studio Solution File, Format Version 12.00
# Visual Studio Version 16
VisualStudioVersion = 16.0.31321.278
MinimumVisualStudioVersion = 10.0.40219.1
Project("{FAE04EC0-301F-11D3-BF4B-00C04F79EFBC}") = "SocioTorcedor", "SocioTorcedor.csproj", "{F5A15399-FB7F-471B-87C3-6C00C44F05DC}"
EndProject
Global
	GlobalSection(SolutionConfigurationPlatforms) = preSolution
		Debug|Any CPU = Debug|Any CPU
		Release|Any CPU = Release|Any CPU
	EndGlobalSection
	GlobalSection(ProjectConfigurationPlatforms) = postSolution
		{F5A15399-FB7F-471B-87C3-6C00C44F05DC}.Debug|Any CPU.ActiveCfg = Debug|Any CPU
		{F5A15399-FB7F-471B-87C3-6C00C44F05DC}.Debug|Any CPU.Build.0 = Debug|Any CPU
		{F5A15399-FB7F-471B-87C3-6C00C44F05DC}.Release|Any CPU.ActiveCfg = Release|Any CPU
		{F5A15399-FB7F-471B-87C3-6C00C44F05DC}.Release|Any CPU.Build.0 = Release|Any CPU
	EndGlobalSection
	GlobalSection(SolutionProperties) = preSolution
		HideSolutionNode = FALSE
	EndGlobalSection
	GlobalSection(ExtensibilityGlobals) = postSolution
		SolutionGuid = {87F86CF8-0AD9-4A7A-B984-BAA3F64F6245}
	EndGlobalSection
EndGlobal
